
Microsoft Visual Studio Solution File, Format Version 12.00
# Visual Studio Version 17
VisualStudioVersion = 17.8.34205.153
MinimumVisualStudioVersion = 10.0.40219.1
Project("{9A19103F-16F7-4668-BE54-9A1E7A4F7556}") = "BrandThus.Zigbee.Test", "BrandThus.Zigbee.Test\BrandThus.Zigbee.Test.csproj", "{3D2C1FCF-7FF1-420F-B946-4B7CDE88A80D}"
EndProject
Project("{9A19103F-16F7-4668-BE54-9A1E7A4F7556}") = "BrandThus.Zigbee", "BrandThus.Zigbee\BrandThus.Zigbee.csproj", "{61B66524-BC1A-4BCB-8F85-2888F5C8C967}"
EndProject
Project("{2150E333-8FDC-42A3-9474-1A3956D46DE8}") = "Solution", "Solution", "{B7EC61BB-7074-41F8-B54A-33C2D52E6D92}"
	ProjectSection(SolutionItems) = preProject
		.gitignore = .gitignore
		README.md = README.md
	EndProjectSection
EndProject
Project("{9A19103F-16F7-4668-BE54-9A1E7A4F7556}") = "Zigbee", "Zigbee.prev\Zigbee.csproj", "{62472AD0-201E-4F4B-9109-C9B04A2C3A7E}"
EndProject
Project("{9A19103F-16F7-4668-BE54-9A1E7A4F7556}") = "BrandThus.Zigbee.Tools", "BrandThus.Zigbee.Tools\BrandThus.Zigbee.Tools.csproj", "{453FB594-A646-4484-8438-270FC8B9ED57}"
EndProject
Global
	GlobalSection(SolutionConfigurationPlatforms) = preSolution
		Debug|Any CPU = Debug|Any CPU
		Release|Any CPU = Release|Any CPU
	EndGlobalSection
	GlobalSection(ProjectConfigurationPlatforms) = postSolution
		{3D2C1FCF-7FF1-420F-B946-4B7CDE88A80D}.Debug|Any CPU.ActiveCfg = Debug|Any CPU
		{3D2C1FCF-7FF1-420F-B946-4B7CDE88A80D}.Debug|Any CPU.Build.0 = Debug|Any CPU
		{3D2C1FCF-7FF1-420F-B946-4B7CDE88A80D}.Release|Any CPU.ActiveCfg = Release|Any CPU
		{3D2C1FCF-7FF1-420F-B946-4B7CDE88A80D}.Release|Any CPU.Build.0 = Release|Any CPU
		{61B66524-BC1A-4BCB-8F85-2888F5C8C967}.Debug|Any CPU.ActiveCfg = Debug|Any CPU
		{61B66524-BC1A-4BCB-8F85-2888F5C8C967}.Debug|Any CPU.Build.0 = Debug|Any CPU
		{61B66524-BC1A-4BCB-8F85-2888F5C8C967}.Release|Any CPU.ActiveCfg = Release|Any CPU
		{61B66524-BC1A-4BCB-8F85-2888F5C8C967}.Release|Any CPU.Build.0 = Release|Any CPU
		{62472AD0-201E-4F4B-9109-C9B04A2C3A7E}.Debug|Any CPU.ActiveCfg = Debug|Any CPU
		{62472AD0-201E-4F4B-9109-C9B04A2C3A7E}.Debug|Any CPU.Build.0 = Debug|Any CPU
		{62472AD0-201E-4F4B-9109-C9B04A2C3A7E}.Release|Any CPU.ActiveCfg = Release|Any CPU
		{62472AD0-201E-4F4B-9109-C9B04A2C3A7E}.Release|Any CPU.Build.0 = Release|Any CPU
		{453FB594-A646-4484-8438-270FC8B9ED57}.Debug|Any CPU.ActiveCfg = Debug|Any CPU
		{453FB594-A646-4484-8438-270FC8B9ED57}.Debug|Any CPU.Build.0 = Debug|Any CPU
		{453FB594-A646-4484-8438-270FC8B9ED57}.Release|Any CPU.ActiveCfg = Release|Any CPU
		{453FB594-A646-4484-8438-270FC8B9ED57}.Release|Any CPU.Build.0 = Release|Any CPU
	EndGlobalSection
	GlobalSection(SolutionProperties) = preSolution
		HideSolutionNode = FALSE
	EndGlobalSection
	GlobalSection(ExtensibilityGlobals) = postSolution
		SolutionGuid = {D4812E59-A88C-49E4-A312-AE70F928C80C}
	EndGlobalSection
EndGlobal
